
Microsoft Visual Studio Solution File, Format Version 12.00
# Visual Studio Version 16
VisualStudioVersion = 16.0.30413.136
MinimumVisualStudioVersion = 10.0.40219.1
Project("{9A19103F-16F7-4668-BE54-9A1E7A4F7556}") = "SeaWar", "SeaWar\SeaWar.csproj", "{F005F54C-D445-4535-9747-C5912E472EC8}"
EndProject
Project("{9A19103F-16F7-4668-BE54-9A1E7A4F7556}") = "SeaWar.Tests", "SeaWar.Tests\SeaWar.Tests.csproj", "{44974C15-9BE4-49AC-82DC-1E22DA1F58D8}"
EndProject
Project("{FAE04EC0-301F-11D3-BF4B-00C04F79EFBC}") = "SeaWarView", "SeaWarView\SeaWarView.csproj", "{8378A556-E8DE-47D6-8352-A0242AEDD6B0}"
EndProject
Global
	GlobalSection(SolutionConfigurationPlatforms) = preSolution
		Debug|Any CPU = Debug|Any CPU
		Release|Any CPU = Release|Any CPU
	EndGlobalSection
	GlobalSection(ProjectConfigurationPlatforms) = postSolution
		{F005F54C-D445-4535-9747-C5912E472EC8}.Debug|Any CPU.ActiveCfg = Debug|Any CPU
		{F005F54C-D445-4535-9747-C5912E472EC8}.Debug|Any CPU.Build.0 = Debug|Any CPU
		{F005F54C-D445-4535-9747-C5912E472EC8}.Release|Any CPU.ActiveCfg = Release|Any CPU
		{F005F54C-D445-4535-9747-C5912E472EC8}.Release|Any CPU.Build.0 = Release|Any CPU
		{44974C15-9BE4-49AC-82DC-1E22DA1F58D8}.Debug|Any CPU.ActiveCfg = Debug|Any CPU
		{44974C15-9BE4-49AC-82DC-1E22DA1F58D8}.Debug|Any CPU.Build.0 = Debug|Any CPU
		{44974C15-9BE4-49AC-82DC-1E22DA1F58D8}.Release|Any CPU.ActiveCfg = Release|Any CPU
		{44974C15-9BE4-49AC-82DC-1E22DA1F58D8}.Release|Any CPU.Build.0 = Release|Any CPU
		{8378A556-E8DE-47D6-8352-A0242AEDD6B0}.Debug|Any CPU.ActiveCfg = Debug|Any CPU
		{8378A556-E8DE-47D6-8352-A0242AEDD6B0}.Debug|Any CPU.Build.0 = Debug|Any CPU
		{8378A556-E8DE-47D6-8352-A0242AEDD6B0}.Release|Any CPU.ActiveCfg = Release|Any CPU
		{8378A556-E8DE-47D6-8352-A0242AEDD6B0}.Release|Any CPU.Build.0 = Release|Any CPU
	EndGlobalSection
	GlobalSection(SolutionProperties) = preSolution
		HideSolutionNode = FALSE
	EndGlobalSection
	GlobalSection(ExtensibilityGlobals) = postSolution
		SolutionGuid = {65CCC82C-A739-4906-A529-A062D2D89B5B}
	EndGlobalSection
EndGlobal
